
Microsoft Visual Studio Solution File, Format Version 12.00
# Visual Studio Version 17
VisualStudioVersion = 17.0.31903.59
MinimumVisualStudioVersion = 10.0.40219.1
Project("{2150E333-8FDC-42A3-9474-1A3956D46DE8}") = "src", "src", "{04DEA713-519B-4373-801A-E42913212B70}"
EndProject
Project("{FAE04EC0-301F-11D3-BF4B-00C04F79EFBC}") = "Todo.API", "src\Todo.API\Todo.API.csproj", "{189C58E9-2825-4A7C-A8B2-29D8258BD44B}"
EndProject
Project("{FAE04EC0-301F-11D3-BF4B-00C04F79EFBC}") = "Todo.Domain", "src\Todo.Domain\Todo.Domain.csproj", "{01FE5480-9C3D-42A5-9BC5-EB81CEB135DC}"
EndProject
Project("{FAE04EC0-301F-11D3-BF4B-00C04F79EFBC}") = "Todo.Infra.Data", "src\Todo.Infra.Data\Todo.Infra.Data.csproj", "{38846FAA-09C8-4897-BBA5-0F3CC310F4FB}"
EndProject
Project("{FAE04EC0-301F-11D3-BF4B-00C04F79EFBC}") = "Todo.Application", "src\Todo.Application\Todo.Application.csproj", "{97F94101-ACE8-4818-B929-844CF2A4AE79}"
EndProject
Project("{FAE04EC0-301F-11D3-BF4B-00C04F79EFBC}") = "Todo.Core", "src\Todo.Core\Todo.Core.csproj", "{5457DE4F-A5ED-4B60-B2D9-111A4E7CBAE4}"
EndProject
Project("{2150E333-8FDC-42A3-9474-1A3956D46DE8}") = "tests", "tests", "{3AEDB3AF-D1A0-4617-84DF-4176BD6442A2}"
EndProject
Project("{FAE04EC0-301F-11D3-BF4B-00C04F79EFBC}") = "Todo.Domain.Tests", "tests\Todo.Domain.Tests\Todo.Domain.Tests.csproj", "{FC217721-E102-4B49-A112-D54E08600CBE}"
EndProject
Project("{FAE04EC0-301F-11D3-BF4B-00C04F79EFBC}") = "Todo.Application.Tests", "tests\Todo.Application.Tests\Todo.Application.Tests.csproj", "{C1A51F34-DDFB-460A-B909-BD823C10189C}"
EndProject
Global
	GlobalSection(SolutionConfigurationPlatforms) = preSolution
		Debug|Any CPU = Debug|Any CPU
		Release|Any CPU = Release|Any CPU
	EndGlobalSection
	GlobalSection(SolutionProperties) = preSolution
		HideSolutionNode = FALSE
	EndGlobalSection
	GlobalSection(ProjectConfigurationPlatforms) = postSolution
		{189C58E9-2825-4A7C-A8B2-29D8258BD44B}.Debug|Any CPU.ActiveCfg = Debug|Any CPU
		{189C58E9-2825-4A7C-A8B2-29D8258BD44B}.Debug|Any CPU.Build.0 = Debug|Any CPU
		{189C58E9-2825-4A7C-A8B2-29D8258BD44B}.Release|Any CPU.ActiveCfg = Release|Any CPU
		{189C58E9-2825-4A7C-A8B2-29D8258BD44B}.Release|Any CPU.Build.0 = Release|Any CPU
		{01FE5480-9C3D-42A5-9BC5-EB81CEB135DC}.Debug|Any CPU.ActiveCfg = Debug|Any CPU
		{01FE5480-9C3D-42A5-9BC5-EB81CEB135DC}.Debug|Any CPU.Build.0 = Debug|Any CPU
		{01FE5480-9C3D-42A5-9BC5-EB81CEB135DC}.Release|Any CPU.ActiveCfg = Release|Any CPU
		{01FE5480-9C3D-42A5-9BC5-EB81CEB135DC}.Release|Any CPU.Build.0 = Release|Any CPU
		{38846FAA-09C8-4897-BBA5-0F3CC310F4FB}.Debug|Any CPU.ActiveCfg = Debug|Any CPU
		{38846FAA-09C8-4897-BBA5-0F3CC310F4FB}.Debug|Any CPU.Build.0 = Debug|Any CPU
		{38846FAA-09C8-4897-BBA5-0F3CC310F4FB}.Release|Any CPU.ActiveCfg = Release|Any CPU
		{38846FAA-09C8-4897-BBA5-0F3CC310F4FB}.Release|Any CPU.Build.0 = Release|Any CPU
		{97F94101-ACE8-4818-B929-844CF2A4AE79}.Debug|Any CPU.ActiveCfg = Debug|Any CPU
		{97F94101-ACE8-4818-B929-844CF2A4AE79}.Debug|Any CPU.Build.0 = Debug|Any CPU
		{97F94101-ACE8-4818-B929-844CF2A4AE79}.Release|Any CPU.ActiveCfg = Release|Any CPU
		{97F94101-ACE8-4818-B929-844CF2A4AE79}.Release|Any CPU.Build.0 = Release|Any CPU
		{466A6FA5-7046-4D19-B6D4-38442B7FE173}.Debug|Any CPU.ActiveCfg = Debug|Any CPU
		{466A6FA5-7046-4D19-B6D4-38442B7FE173}.Debug|Any CPU.Build.0 = Debug|Any CPU
		{466A6FA5-7046-4D19-B6D4-38442B7FE173}.Release|Any CPU.ActiveCfg = Release|Any CPU
		{466A6FA5-7046-4D19-B6D4-38442B7FE173}.Release|Any CPU.Build.0 = Release|Any CPU
		{C258E507-276F-4D5F-98A9-38550F661594}.Debug|Any CPU.ActiveCfg = Debug|Any CPU
		{C258E507-276F-4D5F-98A9-38550F661594}.Debug|Any CPU.Build.0 = Debug|Any CPU
		{C258E507-276F-4D5F-98A9-38550F661594}.Release|Any CPU.ActiveCfg = Release|Any CPU
		{C258E507-276F-4D5F-98A9-38550F661594}.Release|Any CPU.Build.0 = Release|Any CPU
		{1F50B763-3A76-4E5A-9B0A-99396DB63B51}.Debug|Any CPU.ActiveCfg = Debug|Any CPU
		{1F50B763-3A76-4E5A-9B0A-99396DB63B51}.Debug|Any CPU.Build.0 = Debug|Any CPU
		{1F50B763-3A76-4E5A-9B0A-99396DB63B51}.Release|Any CPU.ActiveCfg = Release|Any CPU
		{1F50B763-3A76-4E5A-9B0A-99396DB63B51}.Release|Any CPU.Build.0 = Release|Any CPU
		{5457DE4F-A5ED-4B60-B2D9-111A4E7CBAE4}.Debug|Any CPU.ActiveCfg = Debug|Any CPU
		{5457DE4F-A5ED-4B60-B2D9-111A4E7CBAE4}.Debug|Any CPU.Build.0 = Debug|Any CPU
		{5457DE4F-A5ED-4B60-B2D9-111A4E7CBAE4}.Release|Any CPU.ActiveCfg = Release|Any CPU
		{5457DE4F-A5ED-4B60-B2D9-111A4E7CBAE4}.Release|Any CPU.Build.0 = Release|Any CPU
		{FC217721-E102-4B49-A112-D54E08600CBE}.Debug|Any CPU.ActiveCfg = Debug|Any CPU
		{FC217721-E102-4B49-A112-D54E08600CBE}.Debug|Any CPU.Build.0 = Debug|Any CPU
		{FC217721-E102-4B49-A112-D54E08600CBE}.Release|Any CPU.ActiveCfg = Release|Any CPU
		{FC217721-E102-4B49-A112-D54E08600CBE}.Release|Any CPU.Build.0 = Release|Any CPU
		{C1A51F34-DDFB-460A-B909-BD823C10189C}.Debug|Any CPU.ActiveCfg = Debug|Any CPU
		{C1A51F34-DDFB-460A-B909-BD823C10189C}.Debug|Any CPU.Build.0 = Debug|Any CPU
		{C1A51F34-DDFB-460A-B909-BD823C10189C}.Release|Any CPU.ActiveCfg = Release|Any CPU
		{C1A51F34-DDFB-460A-B909-BD823C10189C}.Release|Any CPU.Build.0 = Release|Any CPU
	EndGlobalSection
	GlobalSection(NestedProjects) = preSolution
		{189C58E9-2825-4A7C-A8B2-29D8258BD44B} = {04DEA713-519B-4373-801A-E42913212B70}
		{01FE5480-9C3D-42A5-9BC5-EB81CEB135DC} = {04DEA713-519B-4373-801A-E42913212B70}
		{38846FAA-09C8-4897-BBA5-0F3CC310F4FB} = {04DEA713-519B-4373-801A-E42913212B70}
		{97F94101-ACE8-4818-B929-844CF2A4AE79} = {04DEA713-519B-4373-801A-E42913212B70}
		{466A6FA5-7046-4D19-B6D4-38442B7FE173} = {04DEA713-519B-4373-801A-E42913212B70}
		{5457DE4F-A5ED-4B60-B2D9-111A4E7CBAE4} = {04DEA713-519B-4373-801A-E42913212B70}
		{FC217721-E102-4B49-A112-D54E08600CBE} = {3AEDB3AF-D1A0-4617-84DF-4176BD6442A2}
		{C1A51F34-DDFB-460A-B909-BD823C10189C} = {3AEDB3AF-D1A0-4617-84DF-4176BD6442A2}
	EndGlobalSection
EndGlobal
